
Microsoft Visual Studio Solution File, Format Version 12.00
# Visual Studio Version 17
VisualStudioVersion = 17.6.33723.286
MinimumVisualStudioVersion = 10.0.40219.1
Project("{2150E333-8FDC-42A3-9474-1A3956D46DE8}") = "FrontEnd", "FrontEnd", "{2BEE4012-0FC1-42C5-BD01-F3CE1ABA204A}"
EndProject
Project("{2150E333-8FDC-42A3-9474-1A3956D46DE8}") = "Services", "Services", "{E981DA4F-497A-4ADC-8373-AE915241C335}"
EndProject
Project("{FAE04EC0-301F-11D3-BF4B-00C04F79EFBC}") = "GeekShopping.Web", "GeekShopping.Web\GeekShopping.Web.csproj", "{9B507876-22D4-4558-8494-6FF4C3A62D90}"
EndProject
Project("{FAE04EC0-301F-11D3-BF4B-00C04F79EFBC}") = "GeekShopping.ProductAPI", "GeekShopping.ProductAPI\GeekShopping.ProductAPI.csproj", "{ABF9025A-F86C-4BA7-93AC-D4E8DCF8F9B3}"
EndProject
Global
	GlobalSection(SolutionConfigurationPlatforms) = preSolution
		Debug|Any CPU = Debug|Any CPU
		Release|Any CPU = Release|Any CPU
	EndGlobalSection
	GlobalSection(ProjectConfigurationPlatforms) = postSolution
		{9B507876-22D4-4558-8494-6FF4C3A62D90}.Debug|Any CPU.ActiveCfg = Debug|Any CPU
		{9B507876-22D4-4558-8494-6FF4C3A62D90}.Debug|Any CPU.Build.0 = Debug|Any CPU
		{9B507876-22D4-4558-8494-6FF4C3A62D90}.Release|Any CPU.ActiveCfg = Release|Any CPU
		{9B507876-22D4-4558-8494-6FF4C3A62D90}.Release|Any CPU.Build.0 = Release|Any CPU
		{ABF9025A-F86C-4BA7-93AC-D4E8DCF8F9B3}.Debug|Any CPU.ActiveCfg = Debug|Any CPU
		{ABF9025A-F86C-4BA7-93AC-D4E8DCF8F9B3}.Debug|Any CPU.Build.0 = Debug|Any CPU
		{ABF9025A-F86C-4BA7-93AC-D4E8DCF8F9B3}.Release|Any CPU.ActiveCfg = Release|Any CPU
		{ABF9025A-F86C-4BA7-93AC-D4E8DCF8F9B3}.Release|Any CPU.Build.0 = Release|Any CPU
	EndGlobalSection
	GlobalSection(SolutionProperties) = preSolution
		HideSolutionNode = FALSE
	EndGlobalSection
	GlobalSection(NestedProjects) = preSolution
		{9B507876-22D4-4558-8494-6FF4C3A62D90} = {2BEE4012-0FC1-42C5-BD01-F3CE1ABA204A}
		{ABF9025A-F86C-4BA7-93AC-D4E8DCF8F9B3} = {E981DA4F-497A-4ADC-8373-AE915241C335}
	EndGlobalSection
	GlobalSection(ExtensibilityGlobals) = postSolution
		SolutionGuid = {1E8A9043-6DC1-420B-9070-A2D3DF959D6C}
	EndGlobalSection
EndGlobal
