
Microsoft Visual Studio Solution File, Format Version 12.00
# Visual Studio Version 17
VisualStudioVersion = 17.6.33723.286
MinimumVisualStudioVersion = 10.0.40219.1
Project("{FAE04EC0-301F-11D3-BF4B-00C04F79EFBC}") = "RestWithASPNETUdemy", "RestWithASPNETUdemy\RestWithASPNETUdemy.csproj", "{ADA3B433-0A32-4AB9-AF1D-A40D8475EBB7}"
EndProject
Global
	GlobalSection(SolutionConfigurationPlatforms) = preSolution
		Debug|Any CPU = Debug|Any CPU
		Release|Any CPU = Release|Any CPU
	EndGlobalSection
	GlobalSection(ProjectConfigurationPlatforms) = postSolution
		{ADA3B433-0A32-4AB9-AF1D-A40D8475EBB7}.Debug|Any CPU.ActiveCfg = Debug|Any CPU
		{ADA3B433-0A32-4AB9-AF1D-A40D8475EBB7}.Debug|Any CPU.Build.0 = Debug|Any CPU
		{ADA3B433-0A32-4AB9-AF1D-A40D8475EBB7}.Release|Any CPU.ActiveCfg = Release|Any CPU
		{ADA3B433-0A32-4AB9-AF1D-A40D8475EBB7}.Release|Any CPU.Build.0 = Release|Any CPU
	EndGlobalSection
	GlobalSection(SolutionProperties) = preSolution
		HideSolutionNode = FALSE
	EndGlobalSection
	GlobalSection(ExtensibilityGlobals) = postSolution
		SolutionGuid = {D407C3FE-6EC6-4E03-A932-6945D63F5E5A}
	EndGlobalSection
EndGlobal
